<?xml version='1.0' encoding='utf-8'?>
<ns0:Project xmlns:ns0="http://schemas.microsoft.com/developer/msbuild/2003" ToolsVersion="4.0">
  <ns0:ItemGroup>
    <ns0:Filter Include="Source Files">
      <ns0:UniqueIdentifier>{4FC737F1-C7A5-4376-A066-2A32D752A2FF}</ns0:UniqueIdentifier>
      <ns0:Extensions>cpp;c;cc;cxx;c++;cppm;ixx;def;odl;idl;hpj;bat;asm;asmx</ns0:Extensions>
    </ns0:Filter>
    <ns0:Filter Include="Header Files">
      <ns0:UniqueIdentifier>{93995380-89BD-4b04-88EB-625FBE52EBFB}</ns0:UniqueIdentifier>
      <ns0:Extensions>h;hh;hpp;hxx;h++;hm;inl;inc;ipp;xsd</ns0:Extensions>
    </ns0:Filter>
    <ns0:Filter Include="Resource Files">
      <ns0:UniqueIdentifier>{67DA6AB6-F800-4c08-8B7A-83BB121AAD01}</ns0:UniqueIdentifier>
      <ns0:Extensions>rc;ico;cur;bmp;dlg;rc2;rct;bin;rgs;gif;jpg;jpeg;jpe;resx;tiff;tif;png;wav;mfcribbon-ms</ns0:Extensions>
    </ns0:Filter>
  <ClCompile Include="src/main.cpp"><Filter>src</Filter></ClCompile><ClCompile Include="src/main.cpp"><Filter>src</Filter></ClCompile><ClCompile Include="src/main.cpp"><Filter>src</Filter></ClCompile><ClCompile Include="src/notMain.cpp"><Filter>src</Filter></ClCompile><ClCompile Include="src/notMain.cpp"><Filter>src</Filter></ClCompile><ClCompile Include="src/notMain.cpp"><Filter>src</Filter></ClCompile><ClCompile Include="src/notMain.cpp"><Filter>src</Filter></ClCompile><ClCompile Include="src/notMain.cpp"><Filter>src</Filter></ClCompile><ClCompile Include="src/notMain.cpp"><Filter>src</Filter></ClCompile><ClCompile Include="src/notMain.cpp"><Filter>src</Filter></ClCompile><ClCompile Include="src/notMain.cpp"><Filter>src</Filter></ClCompile><ClCompile Include="src/notMain.cpp"><Filter>src</Filter></ClCompile><ClCompile Include="src/notMain.cpp"><Filter>src</Filter></ClCompile><ClCompile Include="src/notMain.cpp"><Filter>src</Filter></ClCompile></ns0:ItemGroup>
  <ns0:ItemGroup>
    <ns0:ClCompile Include="trianglePrinter.cpp">
      <ns0:Filter>Source Files</ns0:Filter>
    </ns0:ClCompile>
  </ns0:ItemGroup>
</ns0:Project>